{
  "requires": true,
  "lockfileVersion": 1,
  "dependencies": {
    "@noonnu/cafe24-ohsquare": {
      "version": "0.1.0",
      "resolved": "https://registry.npmjs.org/@noonnu/cafe24-ohsquare/-/cafe24-ohsquare-0.1.0.tgz",
      "integrity": "sha512-AcUmSCV1C4PRNA6oSkzaKR41fuxTNnI3WVvPGaCt4cVmx2wuhWT0FbGgLy+2UzjltmpZtC2hR/335wKtppMdXQ=="
    }
  }
}
